
Microsoft Visual Studio Solution File, Format Version 12.00
# Visual Studio Version 17
VisualStudioVersion = 17.13.35931.197 d17.13
MinimumVisualStudioVersion = 10.0.40219.1
Project("{8BC9CEB8-8B4A-11D0-8D11-00A0C91BC942}") = "24. 两两交换链表中的节点（递归）", "24. 两两交换链表中的节点（递归）\24. 两两交换链表中的节点（递归）.vcxproj", "{3105CB7A-79A7-4884-97B5-7FEF300E0A0F}"
EndProject
Global
	GlobalSection(SolutionConfigurationPlatforms) = preSolution
		Debug|x64 = Debug|x64
		Debug|x86 = Debug|x86
		Release|x64 = Release|x64
		Release|x86 = Release|x86
	EndGlobalSection
	GlobalSection(ProjectConfigurationPlatforms) = postSolution
		{3105CB7A-79A7-4884-97B5-7FEF300E0A0F}.Debug|x64.ActiveCfg = Debug|x64
		{3105CB7A-79A7-4884-97B5-7FEF300E0A0F}.Debug|x64.Build.0 = Debug|x64
		{3105CB7A-79A7-4884-97B5-7FEF300E0A0F}.Debug|x86.ActiveCfg = Debug|Win32
		{3105CB7A-79A7-4884-97B5-7FEF300E0A0F}.Debug|x86.Build.0 = Debug|Win32
		{3105CB7A-79A7-4884-97B5-7FEF300E0A0F}.Release|x64.ActiveCfg = Release|x64
		{3105CB7A-79A7-4884-97B5-7FEF300E0A0F}.Release|x64.Build.0 = Release|x64
		{3105CB7A-79A7-4884-97B5-7FEF300E0A0F}.Release|x86.ActiveCfg = Release|Win32
		{3105CB7A-79A7-4884-97B5-7FEF300E0A0F}.Release|x86.Build.0 = Release|Win32
	EndGlobalSection
	GlobalSection(SolutionProperties) = preSolution
		HideSolutionNode = FALSE
	EndGlobalSection
	GlobalSection(ExtensibilityGlobals) = postSolution
		SolutionGuid = {C729B28E-5010-4307-ACD7-5F5305D9341A}
	EndGlobalSection
EndGlobal
