
Microsoft Visual Studio Solution File, Format Version 12.00
# Visual Studio Version 17
VisualStudioVersion = 17.13.35931.197 d17.13
MinimumVisualStudioVersion = 10.0.40219.1
Project("{8BC9CEB8-8B4A-11D0-8D11-00A0C91BC942}") = "LCR 166. 珠宝的最高价值（动态规划）", "LCR 166. 珠宝的最高价值（动态规划）\LCR 166. 珠宝的最高价值（动态规划）.vcxproj", "{21E20949-EC09-4A7D-9592-792FC3D491AE}"
EndProject
Global
	GlobalSection(SolutionConfigurationPlatforms) = preSolution
		Debug|x64 = Debug|x64
		Debug|x86 = Debug|x86
		Release|x64 = Release|x64
		Release|x86 = Release|x86
	EndGlobalSection
	GlobalSection(ProjectConfigurationPlatforms) = postSolution
		{21E20949-EC09-4A7D-9592-792FC3D491AE}.Debug|x64.ActiveCfg = Debug|x64
		{21E20949-EC09-4A7D-9592-792FC3D491AE}.Debug|x64.Build.0 = Debug|x64
		{21E20949-EC09-4A7D-9592-792FC3D491AE}.Debug|x86.ActiveCfg = Debug|Win32
		{21E20949-EC09-4A7D-9592-792FC3D491AE}.Debug|x86.Build.0 = Debug|Win32
		{21E20949-EC09-4A7D-9592-792FC3D491AE}.Release|x64.ActiveCfg = Release|x64
		{21E20949-EC09-4A7D-9592-792FC3D491AE}.Release|x64.Build.0 = Release|x64
		{21E20949-EC09-4A7D-9592-792FC3D491AE}.Release|x86.ActiveCfg = Release|Win32
		{21E20949-EC09-4A7D-9592-792FC3D491AE}.Release|x86.Build.0 = Release|Win32
	EndGlobalSection
	GlobalSection(SolutionProperties) = preSolution
		HideSolutionNode = FALSE
	EndGlobalSection
	GlobalSection(ExtensibilityGlobals) = postSolution
		SolutionGuid = {60BB08BF-FF2D-4E71-A761-62B12506790C}
	EndGlobalSection
EndGlobal
